PODS:
  - AppSyncRealTimeClient (1.6.0):
    - Starscream (~> 3.1.1)
  - AWSAppSync (3.4.3):
    - AppSyncRealTimeClient (~> 1.4)
    - AWSCore (~> 2.27.0)
    - ReachabilitySwift (= 5.0.0)
    - SQLite.swift (~> 0.12.2)
  - AWSAuthCore (2.27.0):
    - AWSCore (= 2.27.0)
  - AWSAuthUI (2.27.0):
    - AWSAuthCore (= 2.27.0)
    - AWSCore (= 2.27.0)
  - AWSCognitoIdentityProvider (2.27.0):
    - AWSCognitoIdentityProviderASF (= 2.27.0)
    - AWSCore (= 2.27.0)
  - AWSCognitoIdentityProviderASF (2.27.0):
    - AWSCore (= 2.27.0)
  - AWSCore (2.27.0)
  - AWSMobileClient (2.27.0):
    - AWSAuthCore (= 2.27.0)
    - AWSCognitoIdentityProvider (= 2.27.0)
    - AWSCognitoIdentityProviderASF (= 2.27.0)
    - AWSCore (= 2.27.0)
  - AWSUserPoolsSignIn (2.27.0):
    - AWSAuthCore (= 2.27.0)
    - AWSCognitoIdentityProvider (= 2.27.0)
    - AWSCore (= 2.27.0)
  - ReachabilitySwift (5.0.0)
  - SQLite.swift (0.12.2):
    - SQLite.swift/standard (= 0.12.2)
  - SQLite.swift/standard (0.12.2)
  - Starscream (3.1.1)

DEPENDENCIES:
  - AWSAppSync
  - AWSAuthUI
  - AWSMobileClient
  - AWSUserPoolsSignIn

SPEC REPOS:
  trunk:
    - AppSyncRealTimeClient
    - AWSAppSync
    - AWSAuthCore
    - AWSAuthUI
    - AWSCognitoIdentityProvider
    - AWSCognitoIdentityProviderASF
    - AWSCore
    - AWSMobileClient
    - AWSUserPoolsSignIn
    - ReachabilitySwift
    - SQLite.swift
    - Starscream

SPEC CHECKSUMS:
  AppSyncRealTimeClient: 8b5ec94085b8ee9bb6fb9d9d76a157beb538ec6f
  AWSAppSync: b594b384b97b689d6ca328686472600e62453613
  AWSAuthCore: e030e0d0c6102b5bf4e117601572ac3112b44ffe
  AWSAuthUI: 244067ceff6fe6889df89c09f02154391cfad86c
  AWSCognitoIdentityProvider: b62f4c11ccc03e4dec804f84820b94235271e103
  AWSCognitoIdentityProviderASF: 0f0b7dfc43977225be9ae809bcc1ac46df217551
  AWSCore: d605449939e5b40704f11ff9f91f905f7d978589
  AWSMobileClient: a408fa2b5e04807de0a4dcd173153edb7ed05958
  AWSUserPoolsSignIn: 57d4cb478a73d11863e0ec8da4f71434237ed3a6
  ReachabilitySwift: 985039c6f7b23a1da463388634119492ff86c825
  SQLite.swift: d2b4642190917051ce6bd1d49aab565fe794eea3
  Starscream: 4bb2f9942274833f7b4d296a55504dcfc7edb7b0

PODFILE CHECKSUM: 44ee969ba063f679422af4716fcc53c0e722a478

COCOAPODS: 1.11.2
